
Microsoft Visual Studio Solution File, Format Version 12.00
# Visual Studio Version 17
VisualStudioVersion = 17.14.36603.0
MinimumVisualStudioVersion = 10.0.40219.1
Project("{FAE04EC0-301F-11D3-BF4B-00C04F79EFBC}") = "SceneSnapshot", "SceneSnapshot\SceneSnapshot.csproj", "{623270B2-9677-44F2-9137-8EF50527E8D5}"
EndProject
Project("{FAE04EC0-301F-11D3-BF4B-00C04F79EFBC}") = "HideCharacter", "HideCharacter\HideCharacter.csproj", "{809F6CA1-E757-46CD-B8AB-89522D166140}"
EndProject
Project("{FAE04EC0-301F-11D3-BF4B-00C04F79EFBC}") = "HitFeedback", "HitFeedback\HitFeedback.csproj", "{FEA30679-27B6-4413-91A5-EB08FCD9F02B}"
EndProject
Project("{FAE04EC0-301F-11D3-BF4B-00C04F79EFBC}") = "UIFrame", "UIFrame\UIFrame.csproj", "{78BAF98F-64B2-41EB-BA04-2381E1D37AC8}"
EndProject
Project("{FAE04EC0-301F-11D3-BF4B-00C04F79EFBC}") = "Theme", "Theme\Theme.csproj", "{7CCF2612-AF15-42F0-B472-8C8F8CAB9B20}"
EndProject
Project("{FAE04EC0-301F-11D3-BF4B-00C04F79EFBC}") = "SceneView", "SceneView\SceneView.csproj", "{87AA16B9-C7F9-456E-8F57-CE05F393D91F}"
EndProject
Global
	GlobalSection(SolutionConfigurationPlatforms) = preSolution
		Debug|Any CPU = Debug|Any CPU
		Release|Any CPU = Release|Any CPU
	EndGlobalSection
	GlobalSection(ProjectConfigurationPlatforms) = postSolution
		{623270B2-9677-44F2-9137-8EF50527E8D5}.Debug|Any CPU.ActiveCfg = Debug|Any CPU
		{623270B2-9677-44F2-9137-8EF50527E8D5}.Debug|Any CPU.Build.0 = Debug|Any CPU
		{623270B2-9677-44F2-9137-8EF50527E8D5}.Release|Any CPU.ActiveCfg = Release|Any CPU
		{623270B2-9677-44F2-9137-8EF50527E8D5}.Release|Any CPU.Build.0 = Release|Any CPU
		{809F6CA1-E757-46CD-B8AB-89522D166140}.Debug|Any CPU.ActiveCfg = Debug|Any CPU
		{809F6CA1-E757-46CD-B8AB-89522D166140}.Debug|Any CPU.Build.0 = Debug|Any CPU
		{809F6CA1-E757-46CD-B8AB-89522D166140}.Release|Any CPU.ActiveCfg = Release|Any CPU
		{809F6CA1-E757-46CD-B8AB-89522D166140}.Release|Any CPU.Build.0 = Release|Any CPU
		{FEA30679-27B6-4413-91A5-EB08FCD9F02B}.Debug|Any CPU.ActiveCfg = Debug|Any CPU
		{FEA30679-27B6-4413-91A5-EB08FCD9F02B}.Debug|Any CPU.Build.0 = Debug|Any CPU
		{FEA30679-27B6-4413-91A5-EB08FCD9F02B}.Release|Any CPU.ActiveCfg = Release|Any CPU
		{FEA30679-27B6-4413-91A5-EB08FCD9F02B}.Release|Any CPU.Build.0 = Release|Any CPU
		{78BAF98F-64B2-41EB-BA04-2381E1D37AC8}.Debug|Any CPU.ActiveCfg = Debug|Any CPU
		{78BAF98F-64B2-41EB-BA04-2381E1D37AC8}.Debug|Any CPU.Build.0 = Debug|Any CPU
		{78BAF98F-64B2-41EB-BA04-2381E1D37AC8}.Release|Any CPU.ActiveCfg = Release|Any CPU
		{78BAF98F-64B2-41EB-BA04-2381E1D37AC8}.Release|Any CPU.Build.0 = Release|Any CPU
		{7CCF2612-AF15-42F0-B472-8C8F8CAB9B20}.Debug|Any CPU.ActiveCfg = Debug|Any CPU
		{7CCF2612-AF15-42F0-B472-8C8F8CAB9B20}.Debug|Any CPU.Build.0 = Debug|Any CPU
		{7CCF2612-AF15-42F0-B472-8C8F8CAB9B20}.Release|Any CPU.ActiveCfg = Release|Any CPU
		{7CCF2612-AF15-42F0-B472-8C8F8CAB9B20}.Release|Any CPU.Build.0 = Release|Any CPU
		{87AA16B9-C7F9-456E-8F57-CE05F393D91F}.Debug|Any CPU.ActiveCfg = Debug|Any CPU
		{87AA16B9-C7F9-456E-8F57-CE05F393D91F}.Debug|Any CPU.Build.0 = Debug|Any CPU
		{87AA16B9-C7F9-456E-8F57-CE05F393D91F}.Release|Any CPU.ActiveCfg = Release|Any CPU
		{87AA16B9-C7F9-456E-8F57-CE05F393D91F}.Release|Any CPU.Build.0 = Release|Any CPU
	EndGlobalSection
	GlobalSection(SolutionProperties) = preSolution
		HideSolutionNode = FALSE
	EndGlobalSection
	GlobalSection(ExtensibilityGlobals) = postSolution
		SolutionGuid = {3721A03C-605B-4C94-A4FF-89F485A26E86}
	EndGlobalSection
EndGlobal
